
Microsoft Visual Studio Solution File, Format Version 12.00
# Visual Studio 15
VisualStudioVersion = 15.0.27428.2015
MinimumVisualStudioVersion = 10.0.40219.1
Project("{FAE04EC0-301F-11D3-BF4B-00C04F79EFBC}") = "Ex03.GarageLogic", "Ex03.GarageLogic\Ex03.GarageLogic.csproj", "{BE1D940D-01E7-4333-A120-5259B6B1DC75}"
EndProject
Project("{FAE04EC0-301F-11D3-BF4B-00C04F79EFBC}") = "Ex03.ConsoleUI", "Ex03.ConsoleUI\Ex03.ConsoleUI.csproj", "{B41F322C-3D7A-4875-AFBD-CF4F4F52B9D4}"
EndProject
Project("{2150E333-8FDC-42A3-9474-1A3956D46DE8}") = "Solution Items", "Solution Items", "{7E2C4B21-2BCB-41A6-9DDA-9ABCC7224702}"
	ProjectSection(SolutionItems) = preProject
		C19 Ex03 Ofir Varsano 205490980 Maxim Feldman 312053861.txt = C19 Ex03 Ofir Varsano 205490980 Maxim Feldman 312053861.txt
	EndProjectSection
EndProject
Global
	GlobalSection(SolutionConfigurationPlatforms) = preSolution
		Debug|Any CPU = Debug|Any CPU
		Release|Any CPU = Release|Any CPU
	EndGlobalSection
	GlobalSection(ProjectConfigurationPlatforms) = postSolution
		{BE1D940D-01E7-4333-A120-5259B6B1DC75}.Debug|Any CPU.ActiveCfg = Debug|Any CPU
		{BE1D940D-01E7-4333-A120-5259B6B1DC75}.Debug|Any CPU.Build.0 = Debug|Any CPU
		{BE1D940D-01E7-4333-A120-5259B6B1DC75}.Release|Any CPU.ActiveCfg = Release|Any CPU
		{BE1D940D-01E7-4333-A120-5259B6B1DC75}.Release|Any CPU.Build.0 = Release|Any CPU
		{B41F322C-3D7A-4875-AFBD-CF4F4F52B9D4}.Debug|Any CPU.ActiveCfg = Debug|Any CPU
		{B41F322C-3D7A-4875-AFBD-CF4F4F52B9D4}.Debug|Any CPU.Build.0 = Debug|Any CPU
		{B41F322C-3D7A-4875-AFBD-CF4F4F52B9D4}.Release|Any CPU.ActiveCfg = Release|Any CPU
		{B41F322C-3D7A-4875-AFBD-CF4F4F52B9D4}.Release|Any CPU.Build.0 = Release|Any CPU
	EndGlobalSection
	GlobalSection(SolutionProperties) = preSolution
		HideSolutionNode = FALSE
	EndGlobalSection
	GlobalSection(ExtensibilityGlobals) = postSolution
		SolutionGuid = {B3D1219C-B009-4CDA-B27E-45C3DA58DF12}
	EndGlobalSection
EndGlobal
